// !$*UTF8*$!
{
	archiveVersion = 1;
	classes = {
	};
	objectVersion = 56;
	objects = {

/* Begin PBXBuildFile section */
		39F42A422C6A8FDE00319B20 /* AppDelegate.swift in Sources */ = {isa = PBXBuildFile; fileRef = 39F42A412C6A8FDE00319B20 /* AppDelegate.swift */; };
		39F42A442C6A8FDE00319B20 /* SceneDelegate.swift in Sources */ = {isa = PBXBuildFile; fileRef = 39F42A432C6A8FDE00319B20 /* SceneDelegate.swift */; };
		39F42A492C6A8FDE00319B20 /* Base in Resources */ = {isa = PBXBuildFile; fileRef = 39F42A482C6A8FDE00319B20 /* Base */; };
		39F42A4B2C6A8FDF00319B20 /* Assets.xcassets in Resources */ = {isa = PBXBuildFile; fileRef = 39F42A4A2C6A8FDF00319B20 /* Assets.xcassets */; };
		39F42A4E2C6A8FDF00319B20 /* Base in Resources */ = {isa = PBXBuildFile; fileRef = 39F42A4D2C6A8FDF00319B20 /* Base */; };
		39F42A592C6A901F00319B20 /* ViewController.swift in Sources */ = {isa = PBXBuildFile; fileRef = 39F42A552C6A901E00319B20 /* ViewController.swift */; };
		39F42A5A2C6A901F00319B20 /* GameScreenController.swift in Sources */ = {isa = PBXBuildFile; fileRef = 39F42A562C6A901E00319B20 /* GameScreenController.swift */; };
		39F42A5B2C6A901F00319B20 /* NavigationController.swift in Sources */ = {isa = PBXBuildFile; fileRef = 39F42A572C6A901E00319B20 /* NavigationController.swift */; };
		39F42A5C2C6A901F00319B20 /* EndScreenController.swift in Sources */ = {isa = PBXBuildFile; fileRef = 39F42A582C6A901F00319B20 /* EndScreenController.swift */; };
/* End PBXBuildFile section */

/* Begin PBXFileReference section */
		39F42A3E2C6A8FDE00319B20 /* CardsGameiOS.app */ = {isa = PBXFileReference; explicitFileType = wrapper.application; includeInIndex = 0; path = CardsGameiOS.app; sourceTree = BUILT_PRODUCTS_DIR; };
		39F42A412C6A8FDE00319B20 /* AppDelegate.swift */ = {isa = PBXFileReference; lastKnownFileType = sourcecode.swift; path = AppDelegate.swift; sourceTree = "<group>"; };
		39F42A432C6A8FDE00319B20 /* SceneDelegate.swift */ = {isa = PBXFileReference; lastKnownFileType = sourcecode.swift; path = SceneDelegate.swift; sourceTree = "<group>"; };
		39F42A482C6A8FDE00319B20 /* Base */ = {isa = PBXFileReference; lastKnownFileType = file.storyboard; name = Base; path = Base.lproj/Main.storyboard; sourceTree = "<group>"; };
		39F42A4A2C6A8FDF00319B20 /* Assets.xcassets */ = {isa = PBXFileReference; lastKnownFileType = folder.assetcatalog; path = Assets.xcassets; sourceTree = "<group>"; };
		39F42A4D2C6A8FDF00319B20 /* Base */ = {isa = PBXFileReference; lastKnownFileType = file.storyboard; name = Base; path = Base.lproj/LaunchScreen.storyboard; sourceTree = "<group>"; };
		39F42A552C6A901E00319B20 /* ViewController.swift */ = {isa = PBXFileReference; fileEncoding = 4; lastKnownFileType = sourcecode.swift; name = ViewController.swift; path = ../../New/New/ViewController.swift; sourceTree = "<group>"; };
		39F42A562C6A901E00319B20 /* GameScreenController.swift */ = {isa = PBXFileReference; fileEncoding = 4; lastKnownFileType = sourcecode.swift; path = GameScreenController.swift; sourceTree = "<group>"; };
		39F42A572C6A901E00319B20 /* NavigationController.swift */ = {isa = PBXFileReference; fileEncoding = 4; lastKnownFileType = sourcecode.swift; path = NavigationController.swift; sourceTree = "<group>"; };
		39F42A582C6A901F00319B20 /* EndScreenController.swift */ = {isa = PBXFileReference; fileEncoding = 4; lastKnownFileType = sourcecode.swift; path = EndScreenController.swift; sourceTree = "<group>"; };
		39F42A642C6A914A00319B20 /* Info.plist */ = {isa = PBXFileReference; fileEncoding = 4; lastKnownFileType = text.plist.xml; path = Info.plist; sourceTree = "<group>"; };
/* End PBXFileReference section */

/* Begin PBXFrameworksBuildPhase section */
		39F42A3B2C6A8FDE00319B20 /* Frameworks */ = {
			isa = PBXFrameworksBuildPhase;
			buildActionMask = 2147483647;
			files = (
			);
			runOnlyForDeploymentPostprocessing = 0;
		};
/* End PBXFrameworksBuildPhase section */

/* Begin PBXGroup section */
		39F42A352C6A8FDE00319B20 = {
			isa = PBXGroup;
			children = (
				39F42A402C6A8FDE00319B20 /* CardsGameiOS */,
				39F42A3F2C6A8FDE00319B20 /* Products */,
			);
			sourceTree = "<group>";
		};
		39F42A3F2C6A8FDE00319B20 /* Products */ = {
			isa = PBXGroup;
			children = (
				39F42A3E2C6A8FDE00319B20 /* CardsGameiOS.app */,
			);
			name = Products;
			sourceTree = "<group>";
		};
		39F42A402C6A8FDE00319B20 /* CardsGameiOS */ = {
			isa = PBXGroup;
			children = (
				39F42A412C6A8FDE00319B20 /* AppDelegate.swift */,
				39F42A432C6A8FDE00319B20 /* SceneDelegate.swift */,
				39F42A582C6A901F00319B20 /* EndScreenController.swift */,
				39F42A562C6A901E00319B20 /* GameScreenController.swift */,
				39F42A572C6A901E00319B20 /* NavigationController.swift */,
				39F42A552C6A901E00319B20 /* ViewController.swift */,
				39F42A642C6A914A00319B20 /* Info.plist */,
				39F42A472C6A8FDE00319B20 /* Main.storyboard */,
				39F42A4A2C6A8FDF00319B20 /* Assets.xcassets */,
				39F42A4C2C6A8FDF00319B20 /* LaunchScreen.storyboard */,
			);
			path = CardsGameiOS;
			sourceTree = "<group>";
		};
/* End PBXGroup section */

/* Begin PBXNativeTarget section */
		39F42A3D2C6A8FDE00319B20 /* CardsGameiOS */ = {
			isa = PBXNativeTarget;
			buildConfigurationList = 39F42A522C6A8FDF00319B20 /* Build configuration list for PBXNativeTarget "CardsGameiOS" */;
			buildPhases = (
				39F42A3A2C6A8FDE00319B20 /* Sources */,
				39F42A3B2C6A8FDE00319B20 /* Frameworks */,
				39F42A3C2C6A8FDE00319B20 /* Resources */,
			);
			buildRules = (
			);
			dependencies = (
			);
			name = CardsGameiOS;
			productName = CardsGameiOS;
			productReference = 39F42A3E2C6A8FDE00319B20 /* CardsGameiOS.app */;
			productType = "com.apple.product-type.application";
		};
/* End PBXNativeTarget section */

/* Begin PBXProject section */
		39F42A362C6A8FDE00319B20 /* Project object */ = {
			isa = PBXProject;
			attributes = {
				BuildIndependentTargetsInParallel = 1;
				LastSwiftUpdateCheck = 1540;
				LastUpgradeCheck = 1540;
				TargetAttributes = {
					39F42A3D2C6A8FDE00319B20 = {
						CreatedOnToolsVersion = 15.4;
					};
				};
			};
			buildConfigurationList = 39F42A392C6A8FDE00319B20 /* Build configuration list for PBXProject "CardsGameiOS" */;
			compatibilityVersion = "Xcode 14.0";
			developmentRegion = en;
			hasScannedForEncodings = 0;
			knownRegions = (
				en,
				Base,
			);
			mainGroup = 39F42A352C6A8FDE00319B20;
			productRefGroup = 39F42A3F2C6A8FDE00319B20 /* Products */;
			projectDirPath = "";
			projectRoot = "";
			targets = (
				39F42A3D2C6A8FDE00319B20 /* CardsGameiOS */,
			);
		};
/* End PBXProject section */

/* Begin PBXResourcesBuildPhase section */
		39F42A3C2C6A8FDE00319B20 /* Resources */ = {
			isa = PBXResourcesBuildPhase;
			buildActionMask = 2147483647;
			files = (
				39F42A4B2C6A8FDF00319B20 /* Assets.xcassets in Resources */,
				39F42A4E2C6A8FDF00319B20 /* Base in Resources */,
				39F42A492C6A8FDE00319B20 /* Base in Resources */,
			);
			runOnlyForDeploymentPostprocessing = 0;
		};
/* End PBXResourcesBuildPhase section */

/* Begin PBXSourcesBuildPhase section */
		39F42A3A2C6A8FDE00319B20 /* Sources */ = {
			isa = PBXSourcesBuildPhase;
			buildActionMask = 2147483647;
			files = (
				39F42A5B2C6A901F00319B20 /* NavigationController.swift in Sources */,
				39F42A5C2C6A901F00319B20 /* EndScreenController.swift in Sources */,
				39F42A422C6A8FDE00319B20 /* AppDelegate.swift in Sources */,
				39F42A5A2C6A901F00319B20 /* GameScreenController.swift in Sources */,
				39F42A592C6A901F00319B20 /* ViewController.swift in Sources */,
				39F42A442C6A8FDE00319B20 /* SceneDelegate.swift in Sources */,
			);
			runOnlyForDeploymentPostprocessing = 0;
		};
/* End PBXSourcesBuildPhase section */

/* Begin PBXVariantGroup section */
		39F42A472C6A8FDE00319B20 /* Main.storyboard */ = {
			isa = PBXVariantGroup;
			children = (
				39F42A482C6A8FDE00319B20 /* Base */,
			);
			name = Main.storyboard;
			sourceTree = "<group>";
		};
		39F42A4C2C6A8FDF00319B20 /* LaunchScreen.storyboard */ = {
			isa = PBXVariantGroup;
			children = (
				39F42A4D2C6A8FDF00319B20 /* Base */,
			);
			name = LaunchScreen.storyboard;
			sourceTree = "<group>";
		};
/* End PBXVariantGroup section */

/* Begin XCBuildConfiguration section */
		39F42A502C6A8FDF00319B20 /* Debug */ = {
			isa = XCBuildConfiguration;
			buildSettings = {
				ALWAYS_SEARCH_USER_PATHS = NO;
				ASSETCATALOG_COMPILER_GENERATE_SWIFT_ASSET_SYMBOL_EXTENSIONS = YES;
				CLANG_ANALYZER_NONNULL = YES;
				CLANG_ANALYZER_NUMBER_OBJECT_CONVERSION = YES_AGGRESSIVE;
				CLANG_CXX_LANGUAGE_STANDARD = "gnu++20";
				CLANG_ENABLE_MODULES = YES;
				CLANG_ENABLE_OBJC_ARC = YES;
				CLANG_ENABLE_OBJC_WEAK = YES;
				CLANG_WARN_BLOCK_CAPTURE_AUTORELEASING = YES;
				CLANG_WARN_BOOL_CONVERSION = YES;
				CLANG_WARN_COMMA = YES;
				CLANG_WARN_CONSTANT_CONVERSION = YES;
				CLANG_WARN_DEPRECATED_OBJC_IMPLEMENTATIONS = YES;
				CLANG_WARN_DIRECT_OBJC_ISA_USAGE = YES_ERROR;
				CLANG_WARN_DOCUMENTATION_COMMENTS = YES;
				CLANG_WARN_EMPTY_BODY = YES;
				CLANG_WARN_ENUM_CONVERSION = YES;
				CLANG_WARN_INFINITE_RECURSION = YES;
				CLANG_WARN_INT_CONVERSION = YES;
				CLANG_WARN_NON_LITERAL_NULL_CONVERSION = YES;
				CLANG_WARN_OBJC_IMPLICIT_RETAIN_SELF = YES;
				CLANG_WARN_OBJC_LITERAL_CONVERSION = YES;
				CLANG_WARN_OBJC_ROOT_CLASS = YES_ERROR;
				CLANG_WARN_QUOTED_INCLUDE_IN_FRAMEWORK_HEADER = YES;
				CLANG_WARN_RANGE_LOOP_ANALYSIS = YES;
				CLANG_WARN_STRICT_PROTOTYPES = YES;
				CLANG_WARN_SUSPICIOUS_MOVE = YES;
				CLANG_WARN_UNGUARDED_AVAILABILITY = YES_AGGRESSIVE;
				CLANG_WARN_UNREACHABLE_CODE = YES;
				CLANG_WARN__DUPLICATE_METHOD_MATCH = YES;
				COPY_PHASE_STRIP = NO;
				DEBUG_INFORMATION_FORMAT = dwarf;
				ENABLE_STRICT_OBJC_MSGSEND = YES;
				ENABLE_TESTABILITY = YES;
				ENABLE_USER_SCRIPT_SANDBOXING = YES;
				GCC_C_LANGUAGE_STANDARD = gnu17;
				GCC_DYNAMIC_NO_PIC = NO;
				GCC_NO_COMMON_BLOCKS = YES;
				GCC_OPTIMIZATION_LEVEL = 0;
				GCC_PREPROCESSOR_DEFINITIONS = (
					"DEBUG=1",
					"$(inherited)",
				);
				GCC_WARN_64_TO_32_BIT_CONVERSION = YES;
				GCC_WARN_ABOUT_RETURN_TYPE = YES_ERROR;
				GCC_WARN_UNDECLARED_SELECTOR = YES;
				GCC_WARN_UNINITIALIZED_AUTOS = YES_AGGRESSIVE;
				GCC_WARN_UNUSED_FUNCTION = YES;
				GCC_WARN_UNUSED_VARIABLE = YES;
				IPHONEOS_DEPLOYMENT_TARGET = 17.5;
				LOCALIZATION_PREFERS_STRING_CATALOGS = YES;
				MTL_ENABLE_DEBUG_INFO = INCLUDE_SOURCE;
				MTL_FAST_MATH = YES;
				ONLY_ACTIVE_ARCH = YES;
				SDKROOT = iphoneos;
				SWIFT_ACTIVE_COMPILATION_CONDITIONS = "DEBUG $(inherited)";
				SWIFT_OPTIMIZATION_LEVEL = "-Onone";
			};
			name = Debug;
		};
		39F42A512C6A8FDF00319B20 /* Release */ = {
			isa = XCBuildConfiguration;
			buildSettings = {
				ALWAYS_SEARCH_USER_PATHS = NO;
				ASSETCATALOG_COMPILER_GENERATE_SWIFT_ASSET_SYMBOL_EXTENSIONS = YES;
				CLANG_ANALYZER_NONNULL = YES;
				CLANG_ANALYZER_NUMBER_OBJECT_CONVERSION = YES_AGGRESSIVE;
				CLANG_CXX_LANGUAGE_STANDARD = "gnu++20";
				CLANG_ENABLE_MODULES = YES;
				CLANG_ENABLE_OBJC_ARC = YES;
				CLANG_ENABLE_OBJC_WEAK = YES;
				CLANG_WARN_BLOCK_CAPTURE_AUTORELEASING = YES;
				CLANG_WARN_BOOL_CONVERSION = YES;
				CLANG_WARN_COMMA = YES;
				CLANG_WARN_CONSTANT_CONVERSION = YES;
				CLANG_WARN_DEPRECATED_OBJC_IMPLEMENTATIONS = YES;
				CLANG_WARN_DIRECT_OBJC_ISA_USAGE = YES_ERROR;
				CLANG_WARN_DOCUMENTATION_COMMENTS = YES;
				CLANG_WARN_EMPTY_BODY = YES;
				CLANG_WARN_ENUM_CONVERSION = YES;
				CLANG_WARN_INFINITE_RECURSION = YES;
				CLANG_WARN_INT_CONVERSION = YES;
				CLANG_WARN_NON_LITERAL_NULL_CONVERSION = YES;
				CLANG_WARN_OBJC_IMPLICIT_RETAIN_SELF = YES;
				CLANG_WARN_OBJC_LITERAL_CONVERSION = YES;
				CLANG_WARN_OBJC_ROOT_CLASS = YES_ERROR;
				CLANG_WARN_QUOTED_INCLUDE_IN_FRAMEWORK_HEADER = YES;
				CLANG_WARN_RANGE_LOOP_ANALYSIS = YES;
				CLANG_WARN_STRICT_PROTOTYPES = YES;
				CLANG_WARN_SUSPICIOUS_MOVE = YES;
				CLANG_WARN_UNGUARDED_AVAILABILITY = YES_AGGRESSIVE;
				CLANG_WARN_UNREACHABLE_CODE = YES;
				CLANG_WARN__DUPLICATE_METHOD_MATCH = YES;
				COPY_PHASE_STRIP = NO;
				DEBUG_INFORMATION_FORMAT = "dwarf-with-dsym";
				ENABLE_NS_ASSERTIONS = NO;
				ENABLE_STRICT_OBJC_MSGSEND = YES;
				ENABLE_USER_SCRIPT_SANDBOXING = YES;
				GCC_C_LANGUAGE_STANDARD = gnu17;
				GCC_NO_COMMON_BLOCKS = YES;
				GCC_WARN_64_TO_32_BIT_CONVERSION = YES;
				GCC_WARN_ABOUT_RETURN_TYPE = YES_ERROR;
				GCC_WARN_UNDECLARED_SELECTOR = YES;
				GCC_WARN_UNINITIALIZED_AUTOS = YES_AGGRESSIVE;
				GCC_WARN_UNUSED_FUNCTION = YES;
				GCC_WARN_UNUSED_VARIABLE = YES;
				IPHONEOS_DEPLOYMENT_TARGET = 17.5;
				LOCALIZATION_PREFERS_STRING_CATALOGS = YES;
				MTL_ENABLE_DEBUG_INFO = NO;
				MTL_FAST_MATH = YES;
				SDKROOT = iphoneos;
				SWIFT_COMPILATION_MODE = wholemodule;
				VALIDATE_PRODUCT = YES;
			};
			name = Release;
		};
		39F42A532C6A8FDF00319B20 /* Debug */ = {
			isa = XCBuildConfiguration;
			buildSettings = {
				ASSETCATALOG_COMPILER_APPICON_NAME = AppIcon;
				ASSETCATALOG_COMPILER_GLOBAL_ACCENT_COLOR_NAME = AccentColor;
				CODE_SIGN_STYLE = Automatic;
				CURRENT_PROJECT_VERSION = 1;
				DEVELOPMENT_TEAM = "";
				GENERATE_INFOPLIST_FILE = YES;
				INFOPLIST_FILE = CardsGameiOS/Info.plist;
				INFOPLIST_KEY_NSLocationAlwaysAndWhenInUseUsageDescription = "For game";
				INFOPLIST_KEY_NSLocationAlwaysUsageDescription = "Fro game";
				INFOPLIST_KEY_NSLocationUsageDescription = "For game";
				INFOPLIST_KEY_NSLocationWhenInUseUsageDescription = "For game";
				INFOPLIST_KEY_UIApplicationSupportsIndirectInputEvents = YES;
				INFOPLIST_KEY_UILaunchStoryboardName = LaunchScreen;
				INFOPLIST_KEY_UIMainStoryboardFile = Main;
				INFOPLIST_KEY_UISupportedInterfaceOrientations = "UIInterfaceOrientationLandscapeLeft UIInterfaceOrientationLandscapeRight";
				LD_RUNPATH_SEARCH_PATHS = (
					"$(inherited)",
					"@executable_path/Frameworks",
				);
				MARKETING_VERSION = 1.0;
				PRODUCT_BUNDLE_IDENTIFIER = com.nofar.CardsGameiOS;
				PRODUCT_NAME = "$(TARGET_NAME)";
				SWIFT_EMIT_LOC_STRINGS = YES;
				SWIFT_VERSION = 5.0;
				TARGETED_DEVICE_FAMILY = "1,2";
			};
			name = Debug;
		};
		39F42A542C6A8FDF00319B20 /* Release */ = {
			isa = XCBuildConfiguration;
			buildSettings = {
				ASSETCATALOG_COMPILER_APPICON_NAME = AppIcon;
				ASSETCATALOG_COMPILER_GLOBAL_ACCENT_COLOR_NAME = AccentColor;
				CODE_SIGN_STYLE = Automatic;
				CURRENT_PROJECT_VERSION = 1;
				DEVELOPMENT_TEAM = "";
				GENERATE_INFOPLIST_FILE = YES;
				INFOPLIST_FILE = CardsGameiOS/Info.plist;
				INFOPLIST_KEY_NSLocationAlwaysAndWhenInUseUsageDescription = "For game";
				INFOPLIST_KEY_NSLocationAlwaysUsageDescription = "Fro game";
				INFOPLIST_KEY_NSLocationUsageDescription = "For game";
				INFOPLIST_KEY_NSLocationWhenInUseUsageDescription = "For game";
				INFOPLIST_KEY_UIApplicationSupportsIndirectInputEvents = YES;
				INFOPLIST_KEY_UILaunchStoryboardName = LaunchScreen;
				INFOPLIST_KEY_UIMainStoryboardFile = Main;
				INFOPLIST_KEY_UISupportedInterfaceOrientations = "UIInterfaceOrientationLandscapeLeft UIInterfaceOrientationLandscapeRight";
				LD_RUNPATH_SEARCH_PATHS = (
					"$(inherited)",
					"@executable_path/Frameworks",
				);
				MARKETING_VERSION = 1.0;
				PRODUCT_BUNDLE_IDENTIFIER = com.nofar.CardsGameiOS;
				PRODUCT_NAME = "$(TARGET_NAME)";
				SWIFT_EMIT_LOC_STRINGS = YES;
				SWIFT_VERSION = 5.0;
				TARGETED_DEVICE_FAMILY = "1,2";
			};
			name = Release;
		};
/* End XCBuildConfiguration section */

/* Begin XCConfigurationList section */
		39F42A392C6A8FDE00319B20 /* Build configuration list for PBXProject "CardsGameiOS" */ = {
			isa = XCConfigurationList;
			buildConfigurations = (
				39F42A502C6A8FDF00319B20 /* Debug */,
				39F42A512C6A8FDF00319B20 /* Release */,
			);
			defaultConfigurationIsVisible = 0;
			defaultConfigurationName = Release;
		};
		39F42A522C6A8FDF00319B20 /* Build configuration list for PBXNativeTarget "CardsGameiOS" */ = {
			isa = XCConfigurationList;
			buildConfigurations = (
				39F42A532C6A8FDF00319B20 /* Debug */,
				39F42A542C6A8FDF00319B20 /* Release */,
			);
			defaultConfigurationIsVisible = 0;
			defaultConfigurationName = Release;
		};
/* End XCConfigurationList section */
	};
	rootObject = 39F42A362C6A8FDE00319B20 /* Project object */;
}
